// !$*UTF8*$!
{
	archiveVersion = 1;
	classes = {
	};
	objectVersion = 46;
	objects = {

/* Begin PBXBuildFile section */
		A9BF71A01DB84DF700F4145F /* Alamofire.framework in Frameworks */ = {isa = PBXBuildFile; fileRef = A9BF71931DB84D6B00F4145F /* Alamofire.framework */; };
		A9BF71A11DB84DF700F4145F /* Alamofire.framework in Embed Frameworks */ = {isa = PBXBuildFile; fileRef = A9BF71931DB84D6B00F4145F /* Alamofire.framework */; settings = {ATTRIBUTES = (CodeSignOnCopy, RemoveHeadersOnCopy, ); }; };
		A9BF71A91DB867F500F4145F /* Categoria.swift in Sources */ = {isa = PBXBuildFile; fileRef = A9BF71A81DB867F500F4145F /* Categoria.swift */; };
		A9BF71B21DB8680800F4145F /* Imagen.swift in Sources */ = {isa = PBXBuildFile; fileRef = A9BF71B11DB8680800F4145F /* Imagen.swift */; };
		C2050BFF1DB5A7E60058AF44 /* MenuViewController.swift in Sources */ = {isa = PBXBuildFile; fileRef = C2050BFE1DB5A7E60058AF44 /* MenuViewController.swift */; };
		C21C19F71DB82C54005196F8 /* ImageInformationViewController.swift in Sources */ = {isa = PBXBuildFile; fileRef = C21C19F61DB82C54005196F8 /* ImageInformationViewController.swift */; };
		C21C19F91DB8495B005196F8 /* HowToPlayViewController.swift in Sources */ = {isa = PBXBuildFile; fileRef = C21C19F81DB8495B005196F8 /* HowToPlayViewController.swift */; };
		C223FAA81DCAF09F009C687D /* UploadViewController.swift in Sources */ = {isa = PBXBuildFile; fileRef = C223FAA71DCAF09F009C687D /* UploadViewController.swift */; };
		C223FAB11DCAF0CA009C687D /* SettingsViewController.swift in Sources */ = {isa = PBXBuildFile; fileRef = C223FAB01DCAF0CA009C687D /* SettingsViewController.swift */; };
		C261E3121DD4B32F00F7A68B /* LaunchScreenViewController.swift in Sources */ = {isa = PBXBuildFile; fileRef = C261E3111DD4B32F00F7A68B /* LaunchScreenViewController.swift */; };
		C272EAD31DAEEE120043D040 /* AppDelegate.swift in Sources */ = {isa = PBXBuildFile; fileRef = C272EAD21DAEEE120043D040 /* AppDelegate.swift */; };
		C272EAD81DAEEE120043D040 /* Main.storyboard in Resources */ = {isa = PBXBuildFile; fileRef = C272EAD61DAEEE120043D040 /* Main.storyboard */; };
		C272EADA1DAEEE120043D040 /* Assets.xcassets in Resources */ = {isa = PBXBuildFile; fileRef = C272EAD91DAEEE120043D040 /* Assets.xcassets */; };
		C272EADD1DAEEE120043D040 /* LaunchScreen.storyboard in Resources */ = {isa = PBXBuildFile; fileRef = C272EADB1DAEEE120043D040 /* LaunchScreen.storyboard */; };
		C278649B1DB5B53E0051DEC6 /* GameImagesViewController.swift in Sources */ = {isa = PBXBuildFile; fileRef = C278649A1DB5B53E0051DEC6 /* GameImagesViewController.swift */; };
		C2E506241DCB8267001911CA /* CategorySettingsTableViewCell.swift in Sources */ = {isa = PBXBuildFile; fileRef = C2E506231DCB8267001911CA /* CategorySettingsTableViewCell.swift */; };
		C2F7563C1DB865AD008F313F /* AboutViewController.swift in Sources */ = {isa = PBXBuildFile; fileRef = C2F7563B1DB865AD008F313F /* AboutViewController.swift */; };
/* End PBXBuildFile section */

/* Begin PBXContainerItemProxy section */
		A9BF71921DB84D6B00F4145F /* PBXContainerItemProxy */ = {
			isa = PBXContainerItemProxy;
			containerPortal = A9BF71871DB84D6B00F4145F /* Alamofire.xcodeproj */;
			proxyType = 2;
			remoteGlobalIDString = F8111E3319A95C8B0040E7D1;
			remoteInfo = "Alamofire iOS";
		};
		A9BF71941DB84D6B00F4145F /* PBXContainerItemProxy */ = {
			isa = PBXContainerItemProxy;
			containerPortal = A9BF71871DB84D6B00F4145F /* Alamofire.xcodeproj */;
			proxyType = 2;
			remoteGlobalIDString = F8111E3E19A95C8B0040E7D1;
			remoteInfo = "Alamofire iOS Tests";
		};
		A9BF71961DB84D6B00F4145F /* PBXContainerItemProxy */ = {
			isa = PBXContainerItemProxy;
			containerPortal = A9BF71871DB84D6B00F4145F /* Alamofire.xcodeproj */;
			proxyType = 2;
			remoteGlobalIDString = 4DD67C0B1A5C55C900ED2280;
			remoteInfo = "Alamofire macOS";
		};
		A9BF71981DB84D6B00F4145F /* PBXContainerItemProxy */ = {
			isa = PBXContainerItemProxy;
			containerPortal = A9BF71871DB84D6B00F4145F /* Alamofire.xcodeproj */;
			proxyType = 2;
			remoteGlobalIDString = F829C6B21A7A94F100A2CD59;
			remoteInfo = "Alamofire macOS Tests";
		};
		A9BF719A1DB84D6B00F4145F /* PBXContainerItemProxy */ = {
			isa = PBXContainerItemProxy;
			containerPortal = A9BF71871DB84D6B00F4145F /* Alamofire.xcodeproj */;
			proxyType = 2;
			remoteGlobalIDString = 4CF626EF1BA7CB3E0011A099;
			remoteInfo = "Alamofire tvOS";
		};
		A9BF719C1DB84D6B00F4145F /* PBXContainerItemProxy */ = {
			isa = PBXContainerItemProxy;
			containerPortal = A9BF71871DB84D6B00F4145F /* Alamofire.xcodeproj */;
			proxyType = 2;
			remoteGlobalIDString = 4CF626F81BA7CB3E0011A099;
			remoteInfo = "Alamofire tvOS Tests";
		};
		A9BF719E1DB84D6B00F4145F /* PBXContainerItemProxy */ = {
			isa = PBXContainerItemProxy;
			containerPortal = A9BF71871DB84D6B00F4145F /* Alamofire.xcodeproj */;
			proxyType = 2;
			remoteGlobalIDString = E4202FE01B667AA100C997FB;
			remoteInfo = "Alamofire watchOS";
		};
		A9BF71A21DB84DF700F4145F /* PBXContainerItemProxy */ = {
			isa = PBXContainerItemProxy;
			containerPortal = A9BF71871DB84D6B00F4145F /* Alamofire.xcodeproj */;
			proxyType = 1;
			remoteGlobalIDString = F8111E3219A95C8B0040E7D1;
			remoteInfo = "Alamofire iOS";
		};
/* End PBXContainerItemProxy section */

/* Begin PBXCopyFilesBuildPhase section */
		A9BF71A41DB84DF700F4145F /* Embed Frameworks */ = {
			isa = PBXCopyFilesBuildPhase;
			buildActionMask = 2147483647;
			dstPath = "";
			dstSubfolderSpec = 10;
			files = (
				A9BF71A11DB84DF700F4145F /* Alamofire.framework in Embed Frameworks */,
			);
			name = "Embed Frameworks";
			runOnlyForDeploymentPostprocessing = 0;
		};
/* End PBXCopyFilesBuildPhase section */

/* Begin PBXFileReference section */
		A9BF71871DB84D6B00F4145F /* Alamofire.xcodeproj */ = {isa = PBXFileReference; lastKnownFileType = "wrapper.pb-project"; name = Alamofire.xcodeproj; path = ../Alamofire/Alamofire.xcodeproj; sourceTree = "<group>"; };
		A9BF71A81DB867F500F4145F /* Categoria.swift */ = {isa = PBXFileReference; fileEncoding = 4; lastKnownFileType = sourcecode.swift; path = Categoria.swift; sourceTree = "<group>"; };
		A9BF71B11DB8680800F4145F /* Imagen.swift */ = {isa = PBXFileReference; fileEncoding = 4; lastKnownFileType = sourcecode.swift; path = Imagen.swift; sourceTree = "<group>"; };
		C2050BFE1DB5A7E60058AF44 /* MenuViewController.swift */ = {isa = PBXFileReference; fileEncoding = 4; lastKnownFileType = sourcecode.swift; name = MenuViewController.swift; path = Recordando/MenuViewController.swift; sourceTree = "<group>"; };
		C21C19F61DB82C54005196F8 /* ImageInformationViewController.swift */ = {isa = PBXFileReference; fileEncoding = 4; lastKnownFileType = sourcecode.swift; name = ImageInformationViewController.swift; path = Recordando/ImageInformationViewController.swift; sourceTree = "<group>"; };
		C21C19F81DB8495B005196F8 /* HowToPlayViewController.swift */ = {isa = PBXFileReference; fileEncoding = 4; lastKnownFileType = sourcecode.swift; path = HowToPlayViewController.swift; sourceTree = "<group>"; };
		C223FAA71DCAF09F009C687D /* UploadViewController.swift */ = {isa = PBXFileReference; fileEncoding = 4; lastKnownFileType = sourcecode.swift; path = UploadViewController.swift; sourceTree = "<group>"; };
		C223FAB01DCAF0CA009C687D /* SettingsViewController.swift */ = {isa = PBXFileReference; fileEncoding = 4; lastKnownFileType = sourcecode.swift; name = SettingsViewController.swift; path = Recordando/SettingsViewController.swift; sourceTree = "<group>"; };
		C261E3111DD4B32F00F7A68B /* LaunchScreenViewController.swift */ = {isa = PBXFileReference; fileEncoding = 4; lastKnownFileType = sourcecode.swift; path = LaunchScreenViewController.swift; sourceTree = "<group>"; };
		C272EACF1DAEEE120043D040 /* Recordando.app */ = {isa = PBXFileReference; explicitFileType = wrapper.application; includeInIndex = 0; path = Recordando.app; sourceTree = BUILT_PRODUCTS_DIR; };
		C272EAD21DAEEE120043D040 /* AppDelegate.swift */ = {isa = PBXFileReference; lastKnownFileType = sourcecode.swift; path = AppDelegate.swift; sourceTree = "<group>"; };
		C272EAD71DAEEE120043D040 /* Base */ = {isa = PBXFileReference; lastKnownFileType = file.storyboard; name = Base; path = Base.lproj/Main.storyboard; sourceTree = "<group>"; };
		C272EAD91DAEEE120043D040 /* Assets.xcassets */ = {isa = PBXFileReference; lastKnownFileType = folder.assetcatalog; path = Assets.xcassets; sourceTree = "<group>"; };
		C272EADC1DAEEE120043D040 /* Base */ = {isa = PBXFileReference; lastKnownFileType = file.storyboard; name = Base; path = Base.lproj/LaunchScreen.storyboard; sourceTree = "<group>"; };
		C272EADE1DAEEE120043D040 /* Info.plist */ = {isa = PBXFileReference; lastKnownFileType = text.plist.xml; path = Info.plist; sourceTree = "<group>"; };
		C278649A1DB5B53E0051DEC6 /* GameImagesViewController.swift */ = {isa = PBXFileReference; fileEncoding = 4; lastKnownFileType = sourcecode.swift; name = GameImagesViewController.swift; path = Recordando/GameImagesViewController.swift; sourceTree = "<group>"; };
		C2E506231DCB8267001911CA /* CategorySettingsTableViewCell.swift */ = {isa = PBXFileReference; fileEncoding = 4; lastKnownFileType = sourcecode.swift; name = CategorySettingsTableViewCell.swift; path = Recordando/CategorySettingsTableViewCell.swift; sourceTree = "<group>"; };
		C2F7563B1DB865AD008F313F /* AboutViewController.swift */ = {isa = PBXFileReference; fileEncoding = 4; lastKnownFileType = sourcecode.swift; path = AboutViewController.swift; sourceTree = "<group>"; };
/* End PBXFileReference section */

/* Begin PBXFrameworksBuildPhase section */
		C272EACC1DAEEE110043D040 /* Frameworks */ = {
			isa = PBXFrameworksBuildPhase;
			buildActionMask = 2147483647;
			files = (
				A9BF71A01DB84DF700F4145F /* Alamofire.framework in Frameworks */,
			);
			runOnlyForDeploymentPostprocessing = 0;
		};
/* End PBXFrameworksBuildPhase section */

/* Begin PBXGroup section */
		A9BF71881DB84D6B00F4145F /* Products */ = {
			isa = PBXGroup;
			children = (
				A9BF71931DB84D6B00F4145F /* Alamofire.framework */,
				A9BF71951DB84D6B00F4145F /* Alamofire iOS Tests.xctest */,
				A9BF71971DB84D6B00F4145F /* Alamofire.framework */,
				A9BF71991DB84D6B00F4145F /* Alamofire macOS Tests.xctest */,
				A9BF719B1DB84D6B00F4145F /* Alamofire.framework */,
				A9BF719D1DB84D6B00F4145F /* Alamofire tvOS Tests.xctest */,
				A9BF719F1DB84D6B00F4145F /* Alamofire.framework */,
			);
			name = Products;
			sourceTree = "<group>";
		};
		C272EAC61DAEEE110043D040 = {
			isa = PBXGroup;
			children = (
				C223FAB01DCAF0CA009C687D /* SettingsViewController.swift */,
				C2E506231DCB8267001911CA /* CategorySettingsTableViewCell.swift */,
				A9BF71871DB84D6B00F4145F /* Alamofire.xcodeproj */,
				C21C19F61DB82C54005196F8 /* ImageInformationViewController.swift */,
				C278649A1DB5B53E0051DEC6 /* GameImagesViewController.swift */,
				A9BF71A81DB867F500F4145F /* Categoria.swift */,
				C2050BFE1DB5A7E60058AF44 /* MenuViewController.swift */,
				A9BF71B11DB8680800F4145F /* Imagen.swift */,
				C272EAD11DAEEE120043D040 /* Recordando */,
				C272EAD01DAEEE120043D040 /* Products */,
			);
			sourceTree = "<group>";
		};
		C272EAD01DAEEE120043D040 /* Products */ = {
			isa = PBXGroup;
			children = (
				C272EACF1DAEEE120043D040 /* Recordando.app */,
			);
			name = Products;
			sourceTree = "<group>";
		};
		C272EAD11DAEEE120043D040 /* Recordando */ = {
			isa = PBXGroup;
			children = (
				C272EAD21DAEEE120043D040 /* AppDelegate.swift */,
				C272EAD61DAEEE120043D040 /* Main.storyboard */,
				C261E3111DD4B32F00F7A68B /* LaunchScreenViewController.swift */,
				C223FAA71DCAF09F009C687D /* UploadViewController.swift */,
				C2F7563B1DB865AD008F313F /* AboutViewController.swift */,
				C21C19F81DB8495B005196F8 /* HowToPlayViewController.swift */,
				C272EAD91DAEEE120043D040 /* Assets.xcassets */,
				C272EADB1DAEEE120043D040 /* LaunchScreen.storyboard */,
				C272EADE1DAEEE120043D040 /* Info.plist */,
			);
			path = Recordando;
			sourceTree = "<group>";
		};
/* End PBXGroup section */

/* Begin PBXNativeTarget section */
		C272EACE1DAEEE110043D040 /* Recordando */ = {
			isa = PBXNativeTarget;
			buildConfigurationList = C272EAE11DAEEE120043D040 /* Build configuration list for PBXNativeTarget "Recordando" */;
			buildPhases = (
				C272EACB1DAEEE110043D040 /* Sources */,
				C272EACC1DAEEE110043D040 /* Frameworks */,
				C272EACD1DAEEE110043D040 /* Resources */,
				A9BF71A41DB84DF700F4145F /* Embed Frameworks */,
			);
			buildRules = (
			);
			dependencies = (
				A9BF71A31DB84DF700F4145F /* PBXTargetDependency */,
			);
			name = Recordando;
			productName = Recordando;
			productReference = C272EACF1DAEEE120043D040 /* Recordando.app */;
			productType = "com.apple.product-type.application";
		};
/* End PBXNativeTarget section */

/* Begin PBXProject section */
		C272EAC71DAEEE110043D040 /* Project object */ = {
			isa = PBXProject;
			attributes = {
				LastSwiftUpdateCheck = 0800;
				LastUpgradeCheck = 0800;
				ORGANIZATIONNAME = bernardo;
				TargetAttributes = {
					C272EACE1DAEEE110043D040 = {
						CreatedOnToolsVersion = 8.0;
						DevelopmentTeam = 3FDNUZNKF2;
						ProvisioningStyle = Automatic;
					};
				};
			};
			buildConfigurationList = C272EACA1DAEEE110043D040 /* Build configuration list for PBXProject "Recordando" */;
			compatibilityVersion = "Xcode 3.2";
			developmentRegion = English;
			hasScannedForEncodings = 0;
			knownRegions = (
				en,
				Base,
			);
			mainGroup = C272EAC61DAEEE110043D040;
			productRefGroup = C272EAD01DAEEE120043D040 /* Products */;
			projectDirPath = "";
			projectReferences = (
				{
					ProductGroup = A9BF71881DB84D6B00F4145F /* Products */;
					ProjectRef = A9BF71871DB84D6B00F4145F /* Alamofire.xcodeproj */;
				},
			);
			projectRoot = "";
			targets = (
				C272EACE1DAEEE110043D040 /* Recordando */,
			);
		};
/* End PBXProject section */

/* Begin PBXReferenceProxy section */
		A9BF71931DB84D6B00F4145F /* Alamofire.framework */ = {
			isa = PBXReferenceProxy;
			fileType = wrapper.framework;
			path = Alamofire.framework;
			remoteRef = A9BF71921DB84D6B00F4145F /* PBXContainerItemProxy */;
			sourceTree = BUILT_PRODUCTS_DIR;
		};
		A9BF71951DB84D6B00F4145F /* Alamofire iOS Tests.xctest */ = {
			isa = PBXReferenceProxy;
			fileType = wrapper.cfbundle;
			path = "Alamofire iOS Tests.xctest";
			remoteRef = A9BF71941DB84D6B00F4145F /* PBXContainerItemProxy */;
			sourceTree = BUILT_PRODUCTS_DIR;
		};
		A9BF71971DB84D6B00F4145F /* Alamofire.framework */ = {
			isa = PBXReferenceProxy;
			fileType = wrapper.framework;
			path = Alamofire.framework;
			remoteRef = A9BF71961DB84D6B00F4145F /* PBXContainerItemProxy */;
			sourceTree = BUILT_PRODUCTS_DIR;
		};
		A9BF71991DB84D6B00F4145F /* Alamofire macOS Tests.xctest */ = {
			isa = PBXReferenceProxy;
			fileType = wrapper.cfbundle;
			path = "Alamofire macOS Tests.xctest";
			remoteRef = A9BF71981DB84D6B00F4145F /* PBXContainerItemProxy */;
			sourceTree = BUILT_PRODUCTS_DIR;
		};
		A9BF719B1DB84D6B00F4145F /* Alamofire.framework */ = {
			isa = PBXReferenceProxy;
			fileType = wrapper.framework;
			path = Alamofire.framework;
			remoteRef = A9BF719A1DB84D6B00F4145F /* PBXContainerItemProxy */;
			sourceTree = BUILT_PRODUCTS_DIR;
		};
		A9BF719D1DB84D6B00F4145F /* Alamofire tvOS Tests.xctest */ = {
			isa = PBXReferenceProxy;
			fileType = wrapper.cfbundle;
			path = "Alamofire tvOS Tests.xctest";
			remoteRef = A9BF719C1DB84D6B00F4145F /* PBXContainerItemProxy */;
			sourceTree = BUILT_PRODUCTS_DIR;
		};
		A9BF719F1DB84D6B00F4145F /* Alamofire.framework */ = {
			isa = PBXReferenceProxy;
			fileType = wrapper.framework;
			path = Alamofire.framework;
			remoteRef = A9BF719E1DB84D6B00F4145F /* PBXContainerItemProxy */;
			sourceTree = BUILT_PRODUCTS_DIR;
		};
/* End PBXReferenceProxy section */

/* Begin PBXResourcesBuildPhase section */
		C272EACD1DAEEE110043D040 /* Resources */ = {
			isa = PBXResourcesBuildPhase;
			buildActionMask = 2147483647;
			files = (
				C272EADD1DAEEE120043D040 /* LaunchScreen.storyboard in Resources */,
				C272EADA1DAEEE120043D040 /* Assets.xcassets in Resources */,
				C272EAD81DAEEE120043D040 /* Main.storyboard in Resources */,
			);
			runOnlyForDeploymentPostprocessing = 0;
		};
/* End PBXResourcesBuildPhase section */

/* Begin PBXSourcesBuildPhase section */
		C272EACB1DAEEE110043D040 /* Sources */ = {
			isa = PBXSourcesBuildPhase;
			buildActionMask = 2147483647;
			files = (
				A9BF71B21DB8680800F4145F /* Imagen.swift in Sources */,
				C2E506241DCB8267001911CA /* CategorySettingsTableViewCell.swift in Sources */,
				C223FAA81DCAF09F009C687D /* UploadViewController.swift in Sources */,
				C278649B1DB5B53E0051DEC6 /* GameImagesViewController.swift in Sources */,
				C223FAB11DCAF0CA009C687D /* SettingsViewController.swift in Sources */,
				C272EAD31DAEEE120043D040 /* AppDelegate.swift in Sources */,
				A9BF71A91DB867F500F4145F /* Categoria.swift in Sources */,
				C21C19F91DB8495B005196F8 /* HowToPlayViewController.swift in Sources */,
				C2F7563C1DB865AD008F313F /* AboutViewController.swift in Sources */,
				C21C19F71DB82C54005196F8 /* ImageInformationViewController.swift in Sources */,
				C261E3121DD4B32F00F7A68B /* LaunchScreenViewController.swift in Sources */,
				C2050BFF1DB5A7E60058AF44 /* MenuViewController.swift in Sources */,
			);
			runOnlyForDeploymentPostprocessing = 0;
		};
/* End PBXSourcesBuildPhase section */

/* Begin PBXTargetDependency section */
		A9BF71A31DB84DF700F4145F /* PBXTargetDependency */ = {
			isa = PBXTargetDependency;
			name = "Alamofire iOS";
			targetProxy = A9BF71A21DB84DF700F4145F /* PBXContainerItemProxy */;
		};
/* End PBXTargetDependency section */

/* Begin PBXVariantGroup section */
		C272EAD61DAEEE120043D040 /* Main.storyboard */ = {
			isa = PBXVariantGroup;
			children = (
				C272EAD71DAEEE120043D040 /* Base */,
			);
			name = Main.storyboard;
			sourceTree = "<group>";
		};
		C272EADB1DAEEE120043D040 /* LaunchScreen.storyboard */ = {
			isa = PBXVariantGroup;
			children = (
				C272EADC1DAEEE120043D040 /* Base */,
			);
			name = LaunchScreen.storyboard;
			sourceTree = "<group>";
		};
/* End PBXVariantGroup section */

/* Begin XCBuildConfiguration section */
		C272EADF1DAEEE120043D040 /* Debug */ = {
			isa = XCBuildConfiguration;
			buildSettings = {
				ALWAYS_SEARCH_USER_PATHS = NO;
				CLANG_ANALYZER_NONNULL = YES;
				CLANG_CXX_LANGUAGE_STANDARD = "gnu++0x";
				CLANG_CXX_LIBRARY = "libc++";
				CLANG_ENABLE_MODULES = YES;
				CLANG_ENABLE_OBJC_ARC = YES;
				CLANG_WARN_BOOL_CONVERSION = YES;
				CLANG_WARN_CONSTANT_CONVERSION = YES;
				CLANG_WARN_DIRECT_OBJC_ISA_USAGE = YES_ERROR;
				CLANG_WARN_DOCUMENTATION_COMMENTS = YES;
				CLANG_WARN_EMPTY_BODY = YES;
				CLANG_WARN_ENUM_CONVERSION = YES;
				CLANG_WARN_INFINITE_RECURSION = YES;
				CLANG_WARN_INT_CONVERSION = YES;
				CLANG_WARN_OBJC_ROOT_CLASS = YES_ERROR;
				CLANG_WARN_SUSPICIOUS_MOVES = YES;
				CLANG_WARN_UNREACHABLE_CODE = YES;
				CLANG_WARN__DUPLICATE_METHOD_MATCH = YES;
				"CODE_SIGN_IDENTITY[sdk=iphoneos*]" = "iPhone Developer";
				COPY_PHASE_STRIP = NO;
				DEBUG_INFORMATION_FORMAT = dwarf;
				ENABLE_STRICT_OBJC_MSGSEND = YES;
				ENABLE_TESTABILITY = YES;
				GCC_C_LANGUAGE_STANDARD = gnu99;
				GCC_DYNAMIC_NO_PIC = NO;
				GCC_NO_COMMON_BLOCKS = YES;
				GCC_OPTIMIZATION_LEVEL = 0;
				GCC_PREPROCESSOR_DEFINITIONS = (
					"DEBUG=1",
					"$(inherited)",
				);
				GCC_WARN_64_TO_32_BIT_CONVERSION = YES;
				GCC_WARN_ABOUT_RETURN_TYPE = YES_ERROR;
				GCC_WARN_UNDECLARED_SELECTOR = YES;
				GCC_WARN_UNINITIALIZED_AUTOS = YES_AGGRESSIVE;
				GCC_WARN_UNUSED_FUNCTION = YES;
				GCC_WARN_UNUSED_VARIABLE = YES;
				IPHONEOS_DEPLOYMENT_TARGET = 10.0;
				MTL_ENABLE_DEBUG_INFO = YES;
				ONLY_ACTIVE_ARCH = YES;
				SDKROOT = iphoneos;
				SWIFT_ACTIVE_COMPILATION_CONDITIONS = DEBUG;
				SWIFT_OPTIMIZATION_LEVEL = "-Onone";
			};
			name = Debug;
		};
		C272EAE01DAEEE120043D040 /* Release */ = {
			isa = XCBuildConfiguration;
			buildSettings = {
				ALWAYS_SEARCH_USER_PATHS = NO;
				CLANG_ANALYZER_NONNULL = YES;
				CLANG_CXX_LANGUAGE_STANDARD = "gnu++0x";
				CLANG_CXX_LIBRARY = "libc++";
				CLANG_ENABLE_MODULES = YES;
				CLANG_ENABLE_OBJC_ARC = YES;
				CLANG_WARN_BOOL_CONVERSION = YES;
				CLANG_WARN_CONSTANT_CONVERSION = YES;
				CLANG_WARN_DIRECT_OBJC_ISA_USAGE = YES_ERROR;
				CLANG_WARN_DOCUMENTATION_COMMENTS = YES;
				CLANG_WARN_EMPTY_BODY = YES;
				CLANG_WARN_ENUM_CONVERSION = YES;
				CLANG_WARN_INFINITE_RECURSION = YES;
				CLANG_WARN_INT_CONVERSION = YES;
				CLANG_WARN_OBJC_ROOT_CLASS = YES_ERROR;
				CLANG_WARN_SUSPICIOUS_MOVES = YES;
				CLANG_WARN_UNREACHABLE_CODE = YES;
				CLANG_WARN__DUPLICATE_METHOD_MATCH = YES;
				"CODE_SIGN_IDENTITY[sdk=iphoneos*]" = "iPhone Developer";
				COPY_PHASE_STRIP = NO;
				DEBUG_INFORMATION_FORMAT = "dwarf-with-dsym";
				ENABLE_NS_ASSERTIONS = NO;
				ENABLE_STRICT_OBJC_MSGSEND = YES;
				GCC_C_LANGUAGE_STANDARD = gnu99;
				GCC_NO_COMMON_BLOCKS = YES;
				GCC_WARN_64_TO_32_BIT_CONVERSION = YES;
				GCC_WARN_ABOUT_RETURN_TYPE = YES_ERROR;
				GCC_WARN_UNDECLARED_SELECTOR = YES;
				GCC_WARN_UNINITIALIZED_AUTOS = YES_AGGRESSIVE;
				GCC_WARN_UNUSED_FUNCTION = YES;
				GCC_WARN_UNUSED_VARIABLE = YES;
				IPHONEOS_DEPLOYMENT_TARGET = 10.0;
				MTL_ENABLE_DEBUG_INFO = NO;
				SDKROOT = iphoneos;
				SWIFT_OPTIMIZATION_LEVEL = "-Owholemodule";
				VALIDATE_PRODUCT = YES;
			};
			name = Release;
		};
		C272EAE21DAEEE120043D040 /* Debug */ = {
			isa = XCBuildConfiguration;
			buildSettings = {
				ALWAYS_EMBED_SWIFT_STANDARD_LIBRARIES = YES;
				ASSETCATALOG_COMPILER_APPICON_NAME = AppIcon;
				DEVELOPMENT_TEAM = 3FDNUZNKF2;
				INFOPLIST_FILE = Recordando/Info.plist;
				IPHONEOS_DEPLOYMENT_TARGET = 9.3;
				LD_RUNPATH_SEARCH_PATHS = "$(inherited) @executable_path/Frameworks";
				PRODUCT_BUNDLE_IDENTIFIER = LosAmigos.com.Recordando;
				PRODUCT_NAME = "$(TARGET_NAME)";
				SWIFT_VERSION = 3.0;
			};
			name = Debug;
		};
		C272EAE31DAEEE120043D040 /* Release */ = {
			isa = XCBuildConfiguration;
			buildSettings = {
				ALWAYS_EMBED_SWIFT_STANDARD_LIBRARIES = YES;
				ASSETCATALOG_COMPILER_APPICON_NAME = AppIcon;
				DEVELOPMENT_TEAM = 3FDNUZNKF2;
				INFOPLIST_FILE = Recordando/Info.plist;
				IPHONEOS_DEPLOYMENT_TARGET = 9.3;
				LD_RUNPATH_SEARCH_PATHS = "$(inherited) @executable_path/Frameworks";
				PRODUCT_BUNDLE_IDENTIFIER = LosAmigos.com.Recordando;
				PRODUCT_NAME = "$(TARGET_NAME)";
				SWIFT_VERSION = 3.0;
			};
			name = Release;
		};
/* End XCBuildConfiguration section */

/* Begin XCConfigurationList section */
		C272EACA1DAEEE110043D040 /* Build configuration list for PBXProject "Recordando" */ = {
			isa = XCConfigurationList;
			buildConfigurations = (
				C272EADF1DAEEE120043D040 /* Debug */,
				C272EAE01DAEEE120043D040 /* Release */,
			);
			defaultConfigurationIsVisible = 0;
			defaultConfigurationName = Release;
		};
		C272EAE11DAEEE120043D040 /* Build configuration list for PBXNativeTarget "Recordando" */ = {
			isa = XCConfigurationList;
			buildConfigurations = (
				C272EAE21DAEEE120043D040 /* Debug */,
				C272EAE31DAEEE120043D040 /* Release */,
			);
			defaultConfigurationIsVisible = 0;
			defaultConfigurationName = Release;
		};
/* End XCConfigurationList section */
	};
	rootObject = C272EAC71DAEEE110043D040 /* Project object */;
}
